
Microsoft Visual Studio Solution File, Format Version 12.00
# Visual Studio Version 17
VisualStudioVersion = 17.14.37614.0
MinimumVisualStudioVersion = 10.0.40219.1
Project("{FAE04EC0-301F-11D3-BF4B-00C04F79EFBC}") = "LabWork5", "LabWork5\LabWork5.csproj", "{D3AF9642-C041-43F6-8E12-E4271097BE09}"
EndProject
Global
	GlobalSection(SolutionConfigurationPlatforms) = preSolution
		Debug|Any CPU = Debug|Any CPU
		Release|Any CPU = Release|Any CPU
	EndGlobalSection
	GlobalSection(ProjectConfigurationPlatforms) = postSolution
		{D3AF9642-C041-43F6-8E12-E4271097BE09}.Debug|Any CPU.ActiveCfg = Debug|Any CPU
		{D3AF9642-C041-43F6-8E12-E4271097BE09}.Debug|Any CPU.Build.0 = Debug|Any CPU
		{D3AF9642-C041-43F6-8E12-E4271097BE09}.Release|Any CPU.ActiveCfg = Release|Any CPU
		{D3AF9642-C041-43F6-8E12-E4271097BE09}.Release|Any CPU.Build.0 = Release|Any CPU
	EndGlobalSection
	GlobalSection(SolutionProperties) = preSolution
		HideSolutionNode = FALSE
	EndGlobalSection
	GlobalSection(ExtensibilityGlobals) = postSolution
		SolutionGuid = {59C7C35F-5F68-4B60-8248-FA8029F4A716}
	EndGlobalSection
EndGlobal
